// !$*UTF8*$!
{
	archiveVersion = 1;
	classes = {
	};
	objectVersion = 50;
	objects = {

/* Begin PBXBuildFile section */
		A1B42ECD9D25D1AC4F74B415 /* libPods-instaplusUITests.a in Frameworks */ = {isa = PBXBuildFile; fileRef = B0B67F8B686BF05408ADF3EC /* libPods-instaplusUITests.a */; };
		A481D41220F45FC30019E3E3 /* Post.m in Sources */ = {isa = PBXBuildFile; fileRef = A481D41120F45FC30019E3E3 /* Post.m */; };
		A481D41520F47A230019E3E3 /* PostCell.m in Sources */ = {isa = PBXBuildFile; fileRef = A481D41420F47A230019E3E3 /* PostCell.m */; };
		A4DC674E20F413DA00A5D681 /* AppDelegate.m in Sources */ = {isa = PBXBuildFile; fileRef = A4DC674D20F413DA00A5D681 /* AppDelegate.m */; };
		A4DC675420F413DA00A5D681 /* Main.storyboard in Resources */ = {isa = PBXBuildFile; fileRef = A4DC675220F413DA00A5D681 /* Main.storyboard */; };
		A4DC675620F413DB00A5D681 /* Assets.xcassets in Resources */ = {isa = PBXBuildFile; fileRef = A4DC675520F413DB00A5D681 /* Assets.xcassets */; };
		A4DC675920F413DB00A5D681 /* LaunchScreen.storyboard in Resources */ = {isa = PBXBuildFile; fileRef = A4DC675720F413DB00A5D681 /* LaunchScreen.storyboard */; };
		A4DC675C20F413DB00A5D681 /* main.m in Sources */ = {isa = PBXBuildFile; fileRef = A4DC675B20F413DB00A5D681 /* main.m */; };
		A4DC676620F413DB00A5D681 /* instaplusTests.m in Sources */ = {isa = PBXBuildFile; fileRef = A4DC676520F413DB00A5D681 /* instaplusTests.m */; };
		A4DC677120F413DB00A5D681 /* instaplusUITests.m in Sources */ = {isa = PBXBuildFile; fileRef = A4DC677020F413DB00A5D681 /* instaplusUITests.m */; };
		A4DC678120F418FE00A5D681 /* LoginViewController.m in Sources */ = {isa = PBXBuildFile; fileRef = A4DC678020F418FE00A5D681 /* LoginViewController.m */; };
		A4DC678420F41B2F00A5D681 /* FeedViewController.m in Sources */ = {isa = PBXBuildFile; fileRef = A4DC678320F41B2F00A5D681 /* FeedViewController.m */; };
		A4DC678720F42D9200A5D681 /* ComposeViewController.m in Sources */ = {isa = PBXBuildFile; fileRef = A4DC678620F42D9200A5D681 /* ComposeViewController.m */; };
		A68F1CC980CCA4AC7AFF65FE /* libPods-instaplusTests.a in Frameworks */ = {isa = PBXBuildFile; fileRef = D1ADC152535AC5AA5F3417D1 /* libPods-instaplusTests.a */; };
		D3DF3678958C112C2FB91405 /* libPods-instaplus.a in Frameworks */ = {isa = PBXBuildFile; fileRef = 6D090C73B1F63C0A2160552A /* libPods-instaplus.a */; };
/* End PBXBuildFile section */

/* Begin PBXContainerItemProxy section */
		A4DC676220F413DB00A5D681 /* PBXContainerItemProxy */ = {
			isa = PBXContainerItemProxy;
			containerPortal = A4DC674120F413DA00A5D681 /* Project object */;
			proxyType = 1;
			remoteGlobalIDString = A4DC674820F413DA00A5D681;
			remoteInfo = instaplus;
		};
		A4DC676D20F413DB00A5D681 /* PBXContainerItemProxy */ = {
			isa = PBXContainerItemProxy;
			containerPortal = A4DC674120F413DA00A5D681 /* Project object */;
			proxyType = 1;
			remoteGlobalIDString = A4DC674820F413DA00A5D681;
			remoteInfo = instaplus;
		};
/* End PBXContainerItemProxy section */

/* Begin PBXFileReference section */
		288DB3C81C6634305635BD80 /* Pods-instaplusUITests.release.xcconfig */ = {isa = PBXFileReference; includeInIndex = 1; lastKnownFileType = text.xcconfig; name = "Pods-instaplusUITests.release.xcconfig"; path = "Pods/Target Support Files/Pods-instaplusUITests/Pods-instaplusUITests.release.xcconfig"; sourceTree = "<group>"; };
		38C88330451ED4CB6F31C77D /* Pods-instaplus.debug.xcconfig */ = {isa = PBXFileReference; includeInIndex = 1; lastKnownFileType = text.xcconfig; name = "Pods-instaplus.debug.xcconfig"; path = "Pods/Target Support Files/Pods-instaplus/Pods-instaplus.debug.xcconfig"; sourceTree = "<group>"; };
		60959DAFB626DF9141AE3355 /* Pods-instaplusTests.release.xcconfig */ = {isa = PBXFileReference; includeInIndex = 1; lastKnownFileType = text.xcconfig; name = "Pods-instaplusTests.release.xcconfig"; path = "Pods/Target Support Files/Pods-instaplusTests/Pods-instaplusTests.release.xcconfig"; sourceTree = "<group>"; };
		6D090C73B1F63C0A2160552A /* libPods-instaplus.a */ = {isa = PBXFileReference; explicitFileType = archive.ar; includeInIndex = 0; path = "libPods-instaplus.a"; sourceTree = BUILT_PRODUCTS_DIR; };
		74CDACF870719A295983DC2F /* Pods-instaplusTests.debug.xcconfig */ = {isa = PBXFileReference; includeInIndex = 1; lastKnownFileType = text.xcconfig; name = "Pods-instaplusTests.debug.xcconfig"; path = "Pods/Target Support Files/Pods-instaplusTests/Pods-instaplusTests.debug.xcconfig"; sourceTree = "<group>"; };
		A396009FA53E9A51D4AC7713 /* Pods-instaplusUITests.debug.xcconfig */ = {isa = PBXFileReference; includeInIndex = 1; lastKnownFileType = text.xcconfig; name = "Pods-instaplusUITests.debug.xcconfig"; path = "Pods/Target Support Files/Pods-instaplusUITests/Pods-instaplusUITests.debug.xcconfig"; sourceTree = "<group>"; };
		A481D41020F45FC30019E3E3 /* Post.h */ = {isa = PBXFileReference; lastKnownFileType = sourcecode.c.h; path = Post.h; sourceTree = "<group>"; };
		A481D41120F45FC30019E3E3 /* Post.m */ = {isa = PBXFileReference; lastKnownFileType = sourcecode.c.objc; path = Post.m; sourceTree = "<group>"; };
		A481D41320F47A230019E3E3 /* PostCell.h */ = {isa = PBXFileReference; lastKnownFileType = sourcecode.c.h; path = PostCell.h; sourceTree = "<group>"; };
		A481D41420F47A230019E3E3 /* PostCell.m */ = {isa = PBXFileReference; lastKnownFileType = sourcecode.c.objc; path = PostCell.m; sourceTree = "<group>"; };
		A4DC674920F413DA00A5D681 /* instaplus.app */ = {isa = PBXFileReference; explicitFileType = wrapper.application; includeInIndex = 0; path = instaplus.app; sourceTree = BUILT_PRODUCTS_DIR; };
		A4DC674C20F413DA00A5D681 /* AppDelegate.h */ = {isa = PBXFileReference; lastKnownFileType = sourcecode.c.h; path = AppDelegate.h; sourceTree = "<group>"; };
		A4DC674D20F413DA00A5D681 /* AppDelegate.m */ = {isa = PBXFileReference; lastKnownFileType = sourcecode.c.objc; path = AppDelegate.m; sourceTree = "<group>"; };
		A4DC675320F413DA00A5D681 /* Base */ = {isa = PBXFileReference; lastKnownFileType = file.storyboard; name = Base; path = Base.lproj/Main.storyboard; sourceTree = "<group>"; };
		A4DC675520F413DB00A5D681 /* Assets.xcassets */ = {isa = PBXFileReference; lastKnownFileType = folder.assetcatalog; path = Assets.xcassets; sourceTree = "<group>"; };
		A4DC675820F413DB00A5D681 /* Base */ = {isa = PBXFileReference; lastKnownFileType = file.storyboard; name = Base; path = Base.lproj/LaunchScreen.storyboard; sourceTree = "<group>"; };
		A4DC675A20F413DB00A5D681 /* Info.plist */ = {isa = PBXFileReference; lastKnownFileType = text.plist.xml; path = Info.plist; sourceTree = "<group>"; };
		A4DC675B20F413DB00A5D681 /* main.m */ = {isa = PBXFileReference; lastKnownFileType = sourcecode.c.objc; path = main.m; sourceTree = "<group>"; };
		A4DC676120F413DB00A5D681 /* instaplusTests.xctest */ = {isa = PBXFileReference; explicitFileType = wrapper.cfbundle; includeInIndex = 0; path = instaplusTests.xctest; sourceTree = BUILT_PRODUCTS_DIR; };
		A4DC676520F413DB00A5D681 /* instaplusTests.m */ = {isa = PBXFileReference; lastKnownFileType = sourcecode.c.objc; path = instaplusTests.m; sourceTree = "<group>"; };
		A4DC676720F413DB00A5D681 /* Info.plist */ = {isa = PBXFileReference; lastKnownFileType = text.plist.xml; path = Info.plist; sourceTree = "<group>"; };
		A4DC676C20F413DB00A5D681 /* instaplusUITests.xctest */ = {isa = PBXFileReference; explicitFileType = wrapper.cfbundle; includeInIndex = 0; path = instaplusUITests.xctest; sourceTree = BUILT_PRODUCTS_DIR; };
		A4DC677020F413DB00A5D681 /* instaplusUITests.m */ = {isa = PBXFileReference; lastKnownFileType = sourcecode.c.objc; path = instaplusUITests.m; sourceTree = "<group>"; };
		A4DC677220F413DB00A5D681 /* Info.plist */ = {isa = PBXFileReference; lastKnownFileType = text.plist.xml; path = Info.plist; sourceTree = "<group>"; };
		A4DC677F20F418FE00A5D681 /* LoginViewController.h */ = {isa = PBXFileReference; lastKnownFileType = sourcecode.c.h; path = LoginViewController.h; sourceTree = "<group>"; };
		A4DC678020F418FE00A5D681 /* LoginViewController.m */ = {isa = PBXFileReference; lastKnownFileType = sourcecode.c.objc; path = LoginViewController.m; sourceTree = "<group>"; };
		A4DC678220F41B2F00A5D681 /* FeedViewController.h */ = {isa = PBXFileReference; lastKnownFileType = sourcecode.c.h; path = FeedViewController.h; sourceTree = "<group>"; };
		A4DC678320F41B2F00A5D681 /* FeedViewController.m */ = {isa = PBXFileReference; lastKnownFileType = sourcecode.c.objc; path = FeedViewController.m; sourceTree = "<group>"; };
		A4DC678520F42D9200A5D681 /* ComposeViewController.h */ = {isa = PBXFileReference; lastKnownFileType = sourcecode.c.h; path = ComposeViewController.h; sourceTree = "<group>"; };
		A4DC678620F42D9200A5D681 /* ComposeViewController.m */ = {isa = PBXFileReference; lastKnownFileType = sourcecode.c.objc; path = ComposeViewController.m; sourceTree = "<group>"; };
		B0B67F8B686BF05408ADF3EC /* libPods-instaplusUITests.a */ = {isa = PBXFileReference; explicitFileType = archive.ar; includeInIndex = 0; path = "libPods-instaplusUITests.a"; sourceTree = BUILT_PRODUCTS_DIR; };
		B965CC3E4373CAC9DB6DB412 /* Pods-instaplus.release.xcconfig */ = {isa = PBXFileReference; includeInIndex = 1; lastKnownFileType = text.xcconfig; name = "Pods-instaplus.release.xcconfig"; path = "Pods/Target Support Files/Pods-instaplus/Pods-instaplus.release.xcconfig"; sourceTree = "<group>"; };
		D1ADC152535AC5AA5F3417D1 /* libPods-instaplusTests.a */ = {isa = PBXFileReference; explicitFileType = archive.ar; includeInIndex = 0; path = "libPods-instaplusTests.a"; sourceTree = BUILT_PRODUCTS_DIR; };
/* End PBXFileReference section */

/* Begin PBXFrameworksBuildPhase section */
		A4DC674620F413DA00A5D681 /* Frameworks */ = {
			isa = PBXFrameworksBuildPhase;
			buildActionMask = 2147483647;
			files = (
				D3DF3678958C112C2FB91405 /* libPods-instaplus.a in Frameworks */,
			);
			runOnlyForDeploymentPostprocessing = 0;
		};
		A4DC675E20F413DB00A5D681 /* Frameworks */ = {
			isa = PBXFrameworksBuildPhase;
			buildActionMask = 2147483647;
			files = (
				A68F1CC980CCA4AC7AFF65FE /* libPods-instaplusTests.a in Frameworks */,
			);
			runOnlyForDeploymentPostprocessing = 0;
		};
		A4DC676920F413DB00A5D681 /* Frameworks */ = {
			isa = PBXFrameworksBuildPhase;
			buildActionMask = 2147483647;
			files = (
				A1B42ECD9D25D1AC4F74B415 /* libPods-instaplusUITests.a in Frameworks */,
			);
			runOnlyForDeploymentPostprocessing = 0;
		};
/* End PBXFrameworksBuildPhase section */

/* Begin PBXGroup section */
		7096FE35D038246FBCF69C15 /* Frameworks */ = {
			isa = PBXGroup;
			children = (
				6D090C73B1F63C0A2160552A /* libPods-instaplus.a */,
				D1ADC152535AC5AA5F3417D1 /* libPods-instaplusTests.a */,
				B0B67F8B686BF05408ADF3EC /* libPods-instaplusUITests.a */,
			);
			name = Frameworks;
			sourceTree = "<group>";
		};
		A481D41620F47A2C0019E3E3 /* Views */ = {
			isa = PBXGroup;
			children = (
				A481D41320F47A230019E3E3 /* PostCell.h */,
				A481D41420F47A230019E3E3 /* PostCell.m */,
			);
			path = Views;
			sourceTree = "<group>";
		};
		A4DC674020F413DA00A5D681 = {
			isa = PBXGroup;
			children = (
				A481D41620F47A2C0019E3E3 /* Views */,
				A4DC678820F43BE900A5D681 /* Models */,
				A4DC677E20F418F000A5D681 /* Controllers */,
				A4DC674B20F413DA00A5D681 /* instaplus */,
				A4DC676420F413DB00A5D681 /* instaplusTests */,
				A4DC676F20F413DB00A5D681 /* instaplusUITests */,
				A4DC674A20F413DA00A5D681 /* Products */,
				DB4629F04F6E6C3B6F314A21 /* Pods */,
				7096FE35D038246FBCF69C15 /* Frameworks */,
			);
			sourceTree = "<group>";
		};
		A4DC674A20F413DA00A5D681 /* Products */ = {
			isa = PBXGroup;
			children = (
				A4DC674920F413DA00A5D681 /* instaplus.app */,
				A4DC676120F413DB00A5D681 /* instaplusTests.xctest */,
				A4DC676C20F413DB00A5D681 /* instaplusUITests.xctest */,
			);
			name = Products;
			sourceTree = "<group>";
		};
		A4DC674B20F413DA00A5D681 /* instaplus */ = {
			isa = PBXGroup;
			children = (
				A4DC674C20F413DA00A5D681 /* AppDelegate.h */,
				A4DC674D20F413DA00A5D681 /* AppDelegate.m */,
				A4DC675220F413DA00A5D681 /* Main.storyboard */,
				A4DC675520F413DB00A5D681 /* Assets.xcassets */,
				A4DC675720F413DB00A5D681 /* LaunchScreen.storyboard */,
				A4DC675A20F413DB00A5D681 /* Info.plist */,
				A4DC675B20F413DB00A5D681 /* main.m */,
			);
			path = instaplus;
			sourceTree = "<group>";
		};
		A4DC676420F413DB00A5D681 /* instaplusTests */ = {
			isa = PBXGroup;
			children = (
				A4DC676520F413DB00A5D681 /* instaplusTests.m */,
				A4DC676720F413DB00A5D681 /* Info.plist */,
			);
			path = instaplusTests;
			sourceTree = "<group>";
		};
		A4DC676F20F413DB00A5D681 /* instaplusUITests */ = {
			isa = PBXGroup;
			children = (
				A4DC677020F413DB00A5D681 /* instaplusUITests.m */,
				A4DC677220F413DB00A5D681 /* Info.plist */,
			);
			path = instaplusUITests;
			sourceTree = "<group>";
		};
		A4DC677E20F418F000A5D681 /* Controllers */ = {
			isa = PBXGroup;
			children = (
				A4DC677F20F418FE00A5D681 /* LoginViewController.h */,
				A4DC678020F418FE00A5D681 /* LoginViewController.m */,
				A4DC678220F41B2F00A5D681 /* FeedViewController.h */,
				A4DC678320F41B2F00A5D681 /* FeedViewController.m */,
				A4DC678520F42D9200A5D681 /* ComposeViewController.h */,
				A4DC678620F42D9200A5D681 /* ComposeViewController.m */,
			);
			path = Controllers;
			sourceTree = "<group>";
		};
		A4DC678820F43BE900A5D681 /* Models */ = {
			isa = PBXGroup;
			children = (
				A481D41020F45FC30019E3E3 /* Post.h */,
				A481D41120F45FC30019E3E3 /* Post.m */,
			);
			path = Models;
			sourceTree = "<group>";
		};
		DB4629F04F6E6C3B6F314A21 /* Pods */ = {
			isa = PBXGroup;
			children = (
				38C88330451ED4CB6F31C77D /* Pods-instaplus.debug.xcconfig */,
				B965CC3E4373CAC9DB6DB412 /* Pods-instaplus.release.xcconfig */,
				74CDACF870719A295983DC2F /* Pods-instaplusTests.debug.xcconfig */,
				60959DAFB626DF9141AE3355 /* Pods-instaplusTests.release.xcconfig */,
				A396009FA53E9A51D4AC7713 /* Pods-instaplusUITests.debug.xcconfig */,
				288DB3C81C6634305635BD80 /* Pods-instaplusUITests.release.xcconfig */,
			);
			name = Pods;
			sourceTree = "<group>";
		};
/* End PBXGroup section */

/* Begin PBXNativeTarget section */
		A4DC674820F413DA00A5D681 /* instaplus */ = {
			isa = PBXNativeTarget;
			buildConfigurationList = A4DC677520F413DB00A5D681 /* Build configuration list for PBXNativeTarget "instaplus" */;
			buildPhases = (
				0F0298C34D714693D4A0AE56 /* [CP] Check Pods Manifest.lock */,
				A4DC674520F413DA00A5D681 /* Sources */,
				A4DC674620F413DA00A5D681 /* Frameworks */,
				A4DC674720F413DA00A5D681 /* Resources */,
				653030B7401C0AFAA0392CFE /* [CP] Copy Pods Resources */,
			);
			buildRules = (
			);
			dependencies = (
			);
			name = instaplus;
			productName = instaplus;
			productReference = A4DC674920F413DA00A5D681 /* instaplus.app */;
			productType = "com.apple.product-type.application";
		};
		A4DC676020F413DB00A5D681 /* instaplusTests */ = {
			isa = PBXNativeTarget;
			buildConfigurationList = A4DC677820F413DB00A5D681 /* Build configuration list for PBXNativeTarget "instaplusTests" */;
			buildPhases = (
				D2609E4DFA1B875546855E29 /* [CP] Check Pods Manifest.lock */,
				A4DC675D20F413DB00A5D681 /* Sources */,
				A4DC675E20F413DB00A5D681 /* Frameworks */,
				A4DC675F20F413DB00A5D681 /* Resources */,
			);
			buildRules = (
			);
			dependencies = (
				A4DC676320F413DB00A5D681 /* PBXTargetDependency */,
			);
			name = instaplusTests;
			productName = instaplusTests;
			productReference = A4DC676120F413DB00A5D681 /* instaplusTests.xctest */;
			productType = "com.apple.product-type.bundle.unit-test";
		};
		A4DC676B20F413DB00A5D681 /* instaplusUITests */ = {
			isa = PBXNativeTarget;
			buildConfigurationList = A4DC677B20F413DB00A5D681 /* Build configuration list for PBXNativeTarget "instaplusUITests" */;
			buildPhases = (
				3F3BB440C6151B3585EDEFE1 /* [CP] Check Pods Manifest.lock */,
				A4DC676820F413DB00A5D681 /* Sources */,
				A4DC676920F413DB00A5D681 /* Frameworks */,
				A4DC676A20F413DB00A5D681 /* Resources */,
			);
			buildRules = (
			);
			dependencies = (
				A4DC676E20F413DB00A5D681 /* PBXTargetDependency */,
			);
			name = instaplusUITests;
			productName = instaplusUITests;
			productReference = A4DC676C20F413DB00A5D681 /* instaplusUITests.xctest */;
			productType = "com.apple.product-type.bundle.ui-testing";
		};
/* End PBXNativeTarget section */

/* Begin PBXProject section */
		A4DC674120F413DA00A5D681 /* Project object */ = {
			isa = PBXProject;
			attributes = {
				LastUpgradeCheck = 0940;
				ORGANIZATIONNAME = "Chaliana Rolon";
				TargetAttributes = {
					A4DC674820F413DA00A5D681 = {
						CreatedOnToolsVersion = 9.4.1;
					};
					A4DC676020F413DB00A5D681 = {
						CreatedOnToolsVersion = 9.4.1;
						TestTargetID = A4DC674820F413DA00A5D681;
					};
					A4DC676B20F413DB00A5D681 = {
						CreatedOnToolsVersion = 9.4.1;
						TestTargetID = A4DC674820F413DA00A5D681;
					};
				};
			};
			buildConfigurationList = A4DC674420F413DA00A5D681 /* Build configuration list for PBXProject "instaplus" */;
			compatibilityVersion = "Xcode 9.3";
			developmentRegion = en;
			hasScannedForEncodings = 0;
			knownRegions = (
				en,
				Base,
			);
			mainGroup = A4DC674020F413DA00A5D681;
			productRefGroup = A4DC674A20F413DA00A5D681 /* Products */;
			projectDirPath = "";
			projectRoot = "";
			targets = (
				A4DC674820F413DA00A5D681 /* instaplus */,
				A4DC676020F413DB00A5D681 /* instaplusTests */,
				A4DC676B20F413DB00A5D681 /* instaplusUITests */,
			);
		};
/* End PBXProject section */

/* Begin PBXResourcesBuildPhase section */
		A4DC674720F413DA00A5D681 /* Resources */ = {
			isa = PBXResourcesBuildPhase;
			buildActionMask = 2147483647;
			files = (
				A4DC675920F413DB00A5D681 /* LaunchScreen.storyboard in Resources */,
				A4DC675620F413DB00A5D681 /* Assets.xcassets in Resources */,
				A4DC675420F413DA00A5D681 /* Main.storyboard in Resources */,
			);
			runOnlyForDeploymentPostprocessing = 0;
		};
		A4DC675F20F413DB00A5D681 /* Resources */ = {
			isa = PBXResourcesBuildPhase;
			buildActionMask = 2147483647;
			files = (
			);
			runOnlyForDeploymentPostprocessing = 0;
		};
		A4DC676A20F413DB00A5D681 /* Resources */ = {
			isa = PBXResourcesBuildPhase;
			buildActionMask = 2147483647;
			files = (
			);
			runOnlyForDeploymentPostprocessing = 0;
		};
/* End PBXResourcesBuildPhase section */

/* Begin PBXShellScriptBuildPhase section */
		0F0298C34D714693D4A0AE56 /* [CP] Check Pods Manifest.lock */ = {
			isa = PBXShellScriptBuildPhase;
			buildActionMask = 2147483647;
			files = (
			);
			inputPaths = (
				"${PODS_PODFILE_DIR_PATH}/Podfile.lock",
				"${PODS_ROOT}/Manifest.lock",
			);
			name = "[CP] Check Pods Manifest.lock";
			outputPaths = (
				"$(DERIVED_FILE_DIR)/Pods-instaplus-checkManifestLockResult.txt",
			);
			runOnlyForDeploymentPostprocessing = 0;
			shellPath = /bin/sh;
			shellScript = "diff \"${PODS_PODFILE_DIR_PATH}/Podfile.lock\" \"${PODS_ROOT}/Manifest.lock\" > /dev/null\nif [ $? != 0 ] ; then\n    # print error to STDERR\n    echo \"error: The sandbox is not in sync with the Podfile.lock. Run 'pod install' or update your CocoaPods installation.\" >&2\n    exit 1\nfi\n# This output is used by Xcode 'outputs' to avoid re-running this script phase.\necho \"SUCCESS\" > \"${SCRIPT_OUTPUT_FILE_0}\"\n";
			showEnvVarsInLog = 0;
		};
		3F3BB440C6151B3585EDEFE1 /* [CP] Check Pods Manifest.lock */ = {
			isa = PBXShellScriptBuildPhase;
			buildActionMask = 2147483647;
			files = (
			);
			inputPaths = (
				"${PODS_PODFILE_DIR_PATH}/Podfile.lock",
				"${PODS_ROOT}/Manifest.lock",
			);
			name = "[CP] Check Pods Manifest.lock";
			outputPaths = (
				"$(DERIVED_FILE_DIR)/Pods-instaplusUITests-checkManifestLockResult.txt",
			);
			runOnlyForDeploymentPostprocessing = 0;
			shellPath = /bin/sh;
			shellScript = "diff \"${PODS_PODFILE_DIR_PATH}/Podfile.lock\" \"${PODS_ROOT}/Manifest.lock\" > /dev/null\nif [ $? != 0 ] ; then\n    # print error to STDERR\n    echo \"error: The sandbox is not in sync with the Podfile.lock. Run 'pod install' or update your CocoaPods installation.\" >&2\n    exit 1\nfi\n# This output is used by Xcode 'outputs' to avoid re-running this script phase.\necho \"SUCCESS\" > \"${SCRIPT_OUTPUT_FILE_0}\"\n";
			showEnvVarsInLog = 0;
		};
		653030B7401C0AFAA0392CFE /* [CP] Copy Pods Resources */ = {
			isa = PBXShellScriptBuildPhase;
			buildActionMask = 2147483647;
			files = (
			);
			inputPaths = (
				"${SRCROOT}/Pods/Target Support Files/Pods-instaplus/Pods-instaplus-resources.sh",
				"${PODS_CONFIGURATION_BUILD_DIR}/Parse/Parse.bundle",
			);
			name = "[CP] Copy Pods Resources";
			outputPaths = (
				"${TARGET_BUILD_DIR}/${UNLOCALIZED_RESOURCES_FOLDER_PATH}/Parse.bundle",
			);
			runOnlyForDeploymentPostprocessing = 0;
			shellPath = /bin/sh;
			shellScript = "\"${SRCROOT}/Pods/Target Support Files/Pods-instaplus/Pods-instaplus-resources.sh\"\n";
			showEnvVarsInLog = 0;
		};
		D2609E4DFA1B875546855E29 /* [CP] Check Pods Manifest.lock */ = {
			isa = PBXShellScriptBuildPhase;
			buildActionMask = 2147483647;
			files = (
			);
			inputPaths = (
				"${PODS_PODFILE_DIR_PATH}/Podfile.lock",
				"${PODS_ROOT}/Manifest.lock",
			);
			name = "[CP] Check Pods Manifest.lock";
			outputPaths = (
				"$(DERIVED_FILE_DIR)/Pods-instaplusTests-checkManifestLockResult.txt",
			);
			runOnlyForDeploymentPostprocessing = 0;
			shellPath = /bin/sh;
			shellScript = "diff \"${PODS_PODFILE_DIR_PATH}/Podfile.lock\" \"${PODS_ROOT}/Manifest.lock\" > /dev/null\nif [ $? != 0 ] ; then\n    # print error to STDERR\n    echo \"error: The sandbox is not in sync with the Podfile.lock. Run 'pod install' or update your CocoaPods installation.\" >&2\n    exit 1\nfi\n# This output is used by Xcode 'outputs' to avoid re-running this script phase.\necho \"SUCCESS\" > \"${SCRIPT_OUTPUT_FILE_0}\"\n";
			showEnvVarsInLog = 0;
		};
/* End PBXShellScriptBuildPhase section */

/* Begin PBXSourcesBuildPhase section */
		A4DC674520F413DA00A5D681 /* Sources */ = {
			isa = PBXSourcesBuildPhase;
			buildActionMask = 2147483647;
			files = (
				A4DC675C20F413DB00A5D681 /* main.m in Sources */,
				A481D41220F45FC30019E3E3 /* Post.m in Sources */,
				A4DC674E20F413DA00A5D681 /* AppDelegate.m in Sources */,
				A4DC678420F41B2F00A5D681 /* FeedViewController.m in Sources */,
				A481D41520F47A230019E3E3 /* PostCell.m in Sources */,
				A4DC678720F42D9200A5D681 /* ComposeViewController.m in Sources */,
				A4DC678120F418FE00A5D681 /* LoginViewController.m in Sources */,
			);
			runOnlyForDeploymentPostprocessing = 0;
		};
		A4DC675D20F413DB00A5D681 /* Sources */ = {
			isa = PBXSourcesBuildPhase;
			buildActionMask = 2147483647;
			files = (
				A4DC676620F413DB00A5D681 /* instaplusTests.m in Sources */,
			);
			runOnlyForDeploymentPostprocessing = 0;
		};
		A4DC676820F413DB00A5D681 /* Sources */ = {
			isa = PBXSourcesBuildPhase;
			buildActionMask = 2147483647;
			files = (
				A4DC677120F413DB00A5D681 /* instaplusUITests.m in Sources */,
			);
			runOnlyForDeploymentPostprocessing = 0;
		};
/* End PBXSourcesBuildPhase section */

/* Begin PBXTargetDependency section */
		A4DC676320F413DB00A5D681 /* PBXTargetDependency */ = {
			isa = PBXTargetDependency;
			target = A4DC674820F413DA00A5D681 /* instaplus */;
			targetProxy = A4DC676220F413DB00A5D681 /* PBXContainerItemProxy */;
		};
		A4DC676E20F413DB00A5D681 /* PBXTargetDependency */ = {
			isa = PBXTargetDependency;
			target = A4DC674820F413DA00A5D681 /* instaplus */;
			targetProxy = A4DC676D20F413DB00A5D681 /* PBXContainerItemProxy */;
		};
/* End PBXTargetDependency section */

/* Begin PBXVariantGroup section */
		A4DC675220F413DA00A5D681 /* Main.storyboard */ = {
			isa = PBXVariantGroup;
			children = (
				A4DC675320F413DA00A5D681 /* Base */,
			);
			name = Main.storyboard;
			sourceTree = "<group>";
		};
		A4DC675720F413DB00A5D681 /* LaunchScreen.storyboard */ = {
			isa = PBXVariantGroup;
			children = (
				A4DC675820F413DB00A5D681 /* Base */,
			);
			name = LaunchScreen.storyboard;
			sourceTree = "<group>";
		};
/* End PBXVariantGroup section */

/* Begin XCBuildConfiguration section */
		A4DC677320F413DB00A5D681 /* Debug */ = {
			isa = XCBuildConfiguration;
			buildSettings = {
				ALWAYS_SEARCH_USER_PATHS = NO;
				CLANG_ANALYZER_NONNULL = YES;
				CLANG_ANALYZER_NUMBER_OBJECT_CONVERSION = YES_AGGRESSIVE;
				CLANG_CXX_LANGUAGE_STANDARD = "gnu++14";
				CLANG_CXX_LIBRARY = "libc++";
				CLANG_ENABLE_MODULES = YES;
				CLANG_ENABLE_OBJC_ARC = YES;
				CLANG_ENABLE_OBJC_WEAK = YES;
				CLANG_WARN_BLOCK_CAPTURE_AUTORELEASING = YES;
				CLANG_WARN_BOOL_CONVERSION = YES;
				CLANG_WARN_COMMA = YES;
				CLANG_WARN_CONSTANT_CONVERSION = YES;
				CLANG_WARN_DEPRECATED_OBJC_IMPLEMENTATIONS = YES;
				CLANG_WARN_DIRECT_OBJC_ISA_USAGE = YES_ERROR;
				CLANG_WARN_DOCUMENTATION_COMMENTS = YES;
				CLANG_WARN_EMPTY_BODY = YES;
				CLANG_WARN_ENUM_CONVERSION = YES;
				CLANG_WARN_INFINITE_RECURSION = YES;
				CLANG_WARN_INT_CONVERSION = YES;
				CLANG_WARN_NON_LITERAL_NULL_CONVERSION = YES;
				CLANG_WARN_OBJC_IMPLICIT_RETAIN_SELF = YES;
				CLANG_WARN_OBJC_LITERAL_CONVERSION = YES;
				CLANG_WARN_OBJC_ROOT_CLASS = YES_ERROR;
				CLANG_WARN_RANGE_LOOP_ANALYSIS = YES;
				CLANG_WARN_STRICT_PROTOTYPES = YES;
				CLANG_WARN_SUSPICIOUS_MOVE = YES;
				CLANG_WARN_UNGUARDED_AVAILABILITY = YES_AGGRESSIVE;
				CLANG_WARN_UNREACHABLE_CODE = YES;
				CLANG_WARN__DUPLICATE_METHOD_MATCH = YES;
				CODE_SIGN_IDENTITY = "iPhone Developer";
				COPY_PHASE_STRIP = NO;
				DEBUG_INFORMATION_FORMAT = dwarf;
				ENABLE_STRICT_OBJC_MSGSEND = YES;
				ENABLE_TESTABILITY = YES;
				GCC_C_LANGUAGE_STANDARD = gnu11;
				GCC_DYNAMIC_NO_PIC = NO;
				GCC_NO_COMMON_BLOCKS = YES;
				GCC_OPTIMIZATION_LEVEL = 0;
				GCC_PREPROCESSOR_DEFINITIONS = (
					"DEBUG=1",
					"$(inherited)",
				);
				GCC_WARN_64_TO_32_BIT_CONVERSION = YES;
				GCC_WARN_ABOUT_RETURN_TYPE = YES_ERROR;
				GCC_WARN_UNDECLARED_SELECTOR = YES;
				GCC_WARN_UNINITIALIZED_AUTOS = YES_AGGRESSIVE;
				GCC_WARN_UNUSED_FUNCTION = YES;
				GCC_WARN_UNUSED_VARIABLE = YES;
				IPHONEOS_DEPLOYMENT_TARGET = 11.4;
				MTL_ENABLE_DEBUG_INFO = YES;
				ONLY_ACTIVE_ARCH = YES;
				SDKROOT = iphoneos;
			};
			name = Debug;
		};
		A4DC677420F413DB00A5D681 /* Release */ = {
			isa = XCBuildConfiguration;
			buildSettings = {
				ALWAYS_SEARCH_USER_PATHS = NO;
				CLANG_ANALYZER_NONNULL = YES;
				CLANG_ANALYZER_NUMBER_OBJECT_CONVERSION = YES_AGGRESSIVE;
				CLANG_CXX_LANGUAGE_STANDARD = "gnu++14";
				CLANG_CXX_LIBRARY = "libc++";
				CLANG_ENABLE_MODULES = YES;
				CLANG_ENABLE_OBJC_ARC = YES;
				CLANG_ENABLE_OBJC_WEAK = YES;
				CLANG_WARN_BLOCK_CAPTURE_AUTORELEASING = YES;
				CLANG_WARN_BOOL_CONVERSION = YES;
				CLANG_WARN_COMMA = YES;
				CLANG_WARN_CONSTANT_CONVERSION = YES;
				CLANG_WARN_DEPRECATED_OBJC_IMPLEMENTATIONS = YES;
				CLANG_WARN_DIRECT_OBJC_ISA_USAGE = YES_ERROR;
				CLANG_WARN_DOCUMENTATION_COMMENTS = YES;
				CLANG_WARN_EMPTY_BODY = YES;
				CLANG_WARN_ENUM_CONVERSION = YES;
				CLANG_WARN_INFINITE_RECURSION = YES;
				CLANG_WARN_INT_CONVERSION = YES;
				CLANG_WARN_NON_LITERAL_NULL_CONVERSION = YES;
				CLANG_WARN_OBJC_IMPLICIT_RETAIN_SELF = YES;
				CLANG_WARN_OBJC_LITERAL_CONVERSION = YES;
				CLANG_WARN_OBJC_ROOT_CLASS = YES_ERROR;
				CLANG_WARN_RANGE_LOOP_ANALYSIS = YES;
				CLANG_WARN_STRICT_PROTOTYPES = YES;
				CLANG_WARN_SUSPICIOUS_MOVE = YES;
				CLANG_WARN_UNGUARDED_AVAILABILITY = YES_AGGRESSIVE;
				CLANG_WARN_UNREACHABLE_CODE = YES;
				CLANG_WARN__DUPLICATE_METHOD_MATCH = YES;
				CODE_SIGN_IDENTITY = "iPhone Developer";
				COPY_PHASE_STRIP = NO;
				DEBUG_INFORMATION_FORMAT = "dwarf-with-dsym";
				ENABLE_NS_ASSERTIONS = NO;
				ENABLE_STRICT_OBJC_MSGSEND = YES;
				GCC_C_LANGUAGE_STANDARD = gnu11;
				GCC_NO_COMMON_BLOCKS = YES;
				GCC_WARN_64_TO_32_BIT_CONVERSION = YES;
				GCC_WARN_ABOUT_RETURN_TYPE = YES_ERROR;
				GCC_WARN_UNDECLARED_SELECTOR = YES;
				GCC_WARN_UNINITIALIZED_AUTOS = YES_AGGRESSIVE;
				GCC_WARN_UNUSED_FUNCTION = YES;
				GCC_WARN_UNUSED_VARIABLE = YES;
				IPHONEOS_DEPLOYMENT_TARGET = 11.4;
				MTL_ENABLE_DEBUG_INFO = NO;
				SDKROOT = iphoneos;
				VALIDATE_PRODUCT = YES;
			};
			name = Release;
		};
		A4DC677620F413DB00A5D681 /* Debug */ = {
			isa = XCBuildConfiguration;
			baseConfigurationReference = 38C88330451ED4CB6F31C77D /* Pods-instaplus.debug.xcconfig */;
			buildSettings = {
				ASSETCATALOG_COMPILER_APPICON_NAME = AppIcon;
				CODE_SIGN_STYLE = Automatic;
				DEVELOPMENT_TEAM = KV6X26527X;
				INFOPLIST_FILE = instaplus/Info.plist;
				LD_RUNPATH_SEARCH_PATHS = (
					"$(inherited)",
					"@executable_path/Frameworks",
				);
				PRODUCT_BUNDLE_IDENTIFIER = com.ChalianaRolon.instaplus;
				PRODUCT_NAME = "$(TARGET_NAME)";
				TARGETED_DEVICE_FAMILY = "1,2";
			};
			name = Debug;
		};
		A4DC677720F413DB00A5D681 /* Release */ = {
			isa = XCBuildConfiguration;
			baseConfigurationReference = B965CC3E4373CAC9DB6DB412 /* Pods-instaplus.release.xcconfig */;
			buildSettings = {
				ASSETCATALOG_COMPILER_APPICON_NAME = AppIcon;
				CODE_SIGN_STYLE = Automatic;
				DEVELOPMENT_TEAM = KV6X26527X;
				INFOPLIST_FILE = instaplus/Info.plist;
				LD_RUNPATH_SEARCH_PATHS = (
					"$(inherited)",
					"@executable_path/Frameworks",
				);
				PRODUCT_BUNDLE_IDENTIFIER = com.ChalianaRolon.instaplus;
				PRODUCT_NAME = "$(TARGET_NAME)";
				TARGETED_DEVICE_FAMILY = "1,2";
			};
			name = Release;
		};
		A4DC677920F413DB00A5D681 /* Debug */ = {
			isa = XCBuildConfiguration;
			baseConfigurationReference = 74CDACF870719A295983DC2F /* Pods-instaplusTests.debug.xcconfig */;
			buildSettings = {
				BUNDLE_LOADER = "$(TEST_HOST)";
				CODE_SIGN_STYLE = Automatic;
				DEVELOPMENT_TEAM = KV6X26527X;
				INFOPLIST_FILE = instaplusTests/Info.plist;
				LD_RUNPATH_SEARCH_PATHS = (
					"$(inherited)",
					"@executable_path/Frameworks",
					"@loader_path/Frameworks",
				);
				PRODUCT_BUNDLE_IDENTIFIER = com.ChalianaRolon.instaplusTests;
				PRODUCT_NAME = "$(TARGET_NAME)";
				TARGETED_DEVICE_FAMILY = "1,2";
				TEST_HOST = "$(BUILT_PRODUCTS_DIR)/instaplus.app/instaplus";
			};
			name = Debug;
		};
		A4DC677A20F413DB00A5D681 /* Release */ = {
			isa = XCBuildConfiguration;
			baseConfigurationReference = 60959DAFB626DF9141AE3355 /* Pods-instaplusTests.release.xcconfig */;
			buildSettings = {
				BUNDLE_LOADER = "$(TEST_HOST)";
				CODE_SIGN_STYLE = Automatic;
				DEVELOPMENT_TEAM = KV6X26527X;
				INFOPLIST_FILE = instaplusTests/Info.plist;
				LD_RUNPATH_SEARCH_PATHS = (
					"$(inherited)",
					"@executable_path/Frameworks",
					"@loader_path/Frameworks",
				);
				PRODUCT_BUNDLE_IDENTIFIER = com.ChalianaRolon.instaplusTests;
				PRODUCT_NAME = "$(TARGET_NAME)";
				TARGETED_DEVICE_FAMILY = "1,2";
				TEST_HOST = "$(BUILT_PRODUCTS_DIR)/instaplus.app/instaplus";
			};
			name = Release;
		};
		A4DC677C20F413DB00A5D681 /* Debug */ = {
			isa = XCBuildConfiguration;
			baseConfigurationReference = A396009FA53E9A51D4AC7713 /* Pods-instaplusUITests.debug.xcconfig */;
			buildSettings = {
				CODE_SIGN_STYLE = Automatic;
				DEVELOPMENT_TEAM = KV6X26527X;
				INFOPLIST_FILE = instaplusUITests/Info.plist;
				LD_RUNPATH_SEARCH_PATHS = (
					"$(inherited)",
					"@executable_path/Frameworks",
					"@loader_path/Frameworks",
				);
				PRODUCT_BUNDLE_IDENTIFIER = com.ChalianaRolon.instaplusUITests;
				PRODUCT_NAME = "$(TARGET_NAME)";
				TARGETED_DEVICE_FAMILY = "1,2";
				TEST_TARGET_NAME = instaplus;
			};
			name = Debug;
		};
		A4DC677D20F413DB00A5D681 /* Release */ = {
			isa = XCBuildConfiguration;
			baseConfigurationReference = 288DB3C81C6634305635BD80 /* Pods-instaplusUITests.release.xcconfig */;
			buildSettings = {
				CODE_SIGN_STYLE = Automatic;
				DEVELOPMENT_TEAM = KV6X26527X;
				INFOPLIST_FILE = instaplusUITests/Info.plist;
				LD_RUNPATH_SEARCH_PATHS = (
					"$(inherited)",
					"@executable_path/Frameworks",
					"@loader_path/Frameworks",
				);
				PRODUCT_BUNDLE_IDENTIFIER = com.ChalianaRolon.instaplusUITests;
				PRODUCT_NAME = "$(TARGET_NAME)";
				TARGETED_DEVICE_FAMILY = "1,2";
				TEST_TARGET_NAME = instaplus;
			};
			name = Release;
		};
/* End XCBuildConfiguration section */

/* Begin XCConfigurationList section */
		A4DC674420F413DA00A5D681 /* Build configuration list for PBXProject "instaplus" */ = {
			isa = XCConfigurationList;
			buildConfigurations = (
				A4DC677320F413DB00A5D681 /* Debug */,
				A4DC677420F413DB00A5D681 /* Release */,
			);
			defaultConfigurationIsVisible = 0;
			defaultConfigurationName = Release;
		};
		A4DC677520F413DB00A5D681 /* Build configuration list for PBXNativeTarget "instaplus" */ = {
			isa = XCConfigurationList;
			buildConfigurations = (
				A4DC677620F413DB00A5D681 /* Debug */,
				A4DC677720F413DB00A5D681 /* Release */,
			);
			defaultConfigurationIsVisible = 0;
			defaultConfigurationName = Release;
		};
		A4DC677820F413DB00A5D681 /* Build configuration list for PBXNativeTarget "instaplusTests" */ = {
			isa = XCConfigurationList;
			buildConfigurations = (
				A4DC677920F413DB00A5D681 /* Debug */,
				A4DC677A20F413DB00A5D681 /* Release */,
			);
			defaultConfigurationIsVisible = 0;
			defaultConfigurationName = Release;
		};
		A4DC677B20F413DB00A5D681 /* Build configuration list for PBXNativeTarget "instaplusUITests" */ = {
			isa = XCConfigurationList;
			buildConfigurations = (
				A4DC677C20F413DB00A5D681 /* Debug */,
				A4DC677D20F413DB00A5D681 /* Release */,
			);
			defaultConfigurationIsVisible = 0;
			defaultConfigurationName = Release;
		};
/* End XCConfigurationList section */
	};
	rootObject = A4DC674120F413DA00A5D681 /* Project object */;
}
